// !$*UTF8*$!
{
	archiveVersion = 1;
	classes = {
	};
	objectVersion = 50;
	objects = {

/* Begin PBXBuildFile section */
		32CDD1A3266568B0003F0A20 /* AppDelegate.swift in Sources */ = {isa = PBXBuildFile; fileRef = 32CDD1A2266568B0003F0A20 /* AppDelegate.swift */; };
		32CDD1A5266568B0003F0A20 /* SceneDelegate.swift in Sources */ = {isa = PBXBuildFile; fileRef = 32CDD1A4266568B0003F0A20 /* SceneDelegate.swift */; };
		32CDD1AA266568B0003F0A20 /* Main.storyboard in Resources */ = {isa = PBXBuildFile; fileRef = 32CDD1A8266568B0003F0A20 /* Main.storyboard */; };
		32CDD1AC266568B3003F0A20 /* Assets.xcassets in Resources */ = {isa = PBXBuildFile; fileRef = 32CDD1AB266568B3003F0A20 /* Assets.xcassets */; };
		32CDD1AF266568B3003F0A20 /* LaunchScreen.storyboard in Resources */ = {isa = PBXBuildFile; fileRef = 32CDD1AD266568B3003F0A20 /* LaunchScreen.storyboard */; };
		32CDD1BA266568B3003F0A20 /* FirstAppTests.swift in Sources */ = {isa = PBXBuildFile; fileRef = 32CDD1B9266568B3003F0A20 /* FirstAppTests.swift */; };
		32CDD1C5266568B3003F0A20 /* FirstAppUITests.swift in Sources */ = {isa = PBXBuildFile; fileRef = 32CDD1C4266568B3003F0A20 /* FirstAppUITests.swift */; };
		32CDD1D926657AA9003F0A20 /* HomeViewController.swift in Sources */ = {isa = PBXBuildFile; fileRef = 32CDD1D826657AA9003F0A20 /* HomeViewController.swift */; };
/* End PBXBuildFile section */

/* Begin PBXContainerItemProxy section */
		32CDD1B6266568B3003F0A20 /* PBXContainerItemProxy */ = {
			isa = PBXContainerItemProxy;
			containerPortal = 32CDD197266568B0003F0A20 /* Project object */;
			proxyType = 1;
			remoteGlobalIDString = 32CDD19E266568B0003F0A20;
			remoteInfo = FirstApp;
		};
		32CDD1C1266568B3003F0A20 /* PBXContainerItemProxy */ = {
			isa = PBXContainerItemProxy;
			containerPortal = 32CDD197266568B0003F0A20 /* Project object */;
			proxyType = 1;
			remoteGlobalIDString = 32CDD19E266568B0003F0A20;
			remoteInfo = FirstApp;
		};
/* End PBXContainerItemProxy section */

/* Begin PBXFileReference section */
		32CDD19F266568B0003F0A20 /* FirstApp.app */ = {isa = PBXFileReference; explicitFileType = wrapper.application; includeInIndex = 0; path = FirstApp.app; sourceTree = BUILT_PRODUCTS_DIR; };
		32CDD1A2266568B0003F0A20 /* AppDelegate.swift */ = {isa = PBXFileReference; lastKnownFileType = sourcecode.swift; path = AppDelegate.swift; sourceTree = "<group>"; };
		32CDD1A4266568B0003F0A20 /* SceneDelegate.swift */ = {isa = PBXFileReference; lastKnownFileType = sourcecode.swift; path = SceneDelegate.swift; sourceTree = "<group>"; };
		32CDD1A9266568B0003F0A20 /* Base */ = {isa = PBXFileReference; lastKnownFileType = file.storyboard; name = Base; path = Base.lproj/Main.storyboard; sourceTree = "<group>"; };
		32CDD1AB266568B3003F0A20 /* Assets.xcassets */ = {isa = PBXFileReference; lastKnownFileType = folder.assetcatalog; path = Assets.xcassets; sourceTree = "<group>"; };
		32CDD1AE266568B3003F0A20 /* Base */ = {isa = PBXFileReference; lastKnownFileType = file.storyboard; name = Base; path = Base.lproj/LaunchScreen.storyboard; sourceTree = "<group>"; };
		32CDD1B0266568B3003F0A20 /* Info.plist */ = {isa = PBXFileReference; lastKnownFileType = text.plist.xml; path = Info.plist; sourceTree = "<group>"; };
		32CDD1B5266568B3003F0A20 /* FirstAppTests.xctest */ = {isa = PBXFileReference; explicitFileType = wrapper.cfbundle; includeInIndex = 0; path = FirstAppTests.xctest; sourceTree = BUILT_PRODUCTS_DIR; };
		32CDD1B9266568B3003F0A20 /* FirstAppTests.swift */ = {isa = PBXFileReference; lastKnownFileType = sourcecode.swift; path = FirstAppTests.swift; sourceTree = "<group>"; };
		32CDD1BB266568B3003F0A20 /* Info.plist */ = {isa = PBXFileReference; lastKnownFileType = text.plist.xml; path = Info.plist; sourceTree = "<group>"; };
		32CDD1C0266568B3003F0A20 /* FirstAppUITests.xctest */ = {isa = PBXFileReference; explicitFileType = wrapper.cfbundle; includeInIndex = 0; path = FirstAppUITests.xctest; sourceTree = BUILT_PRODUCTS_DIR; };
		32CDD1C4266568B3003F0A20 /* FirstAppUITests.swift */ = {isa = PBXFileReference; lastKnownFileType = sourcecode.swift; path = FirstAppUITests.swift; sourceTree = "<group>"; };
		32CDD1C6266568B3003F0A20 /* Info.plist */ = {isa = PBXFileReference; lastKnownFileType = text.plist.xml; path = Info.plist; sourceTree = "<group>"; };
		32CDD1D826657AA9003F0A20 /* HomeViewController.swift */ = {isa = PBXFileReference; lastKnownFileType = sourcecode.swift; path = HomeViewController.swift; sourceTree = "<group>"; };
/* End PBXFileReference section */

/* Begin PBXFrameworksBuildPhase section */
		32CDD19C266568B0003F0A20 /* Frameworks */ = {
			isa = PBXFrameworksBuildPhase;
			buildActionMask = 2147483647;
			files = (
			);
			runOnlyForDeploymentPostprocessing = 0;
		};
		32CDD1B2266568B3003F0A20 /* Frameworks */ = {
			isa = PBXFrameworksBuildPhase;
			buildActionMask = 2147483647;
			files = (
			);
			runOnlyForDeploymentPostprocessing = 0;
		};
		32CDD1BD266568B3003F0A20 /* Frameworks */ = {
			isa = PBXFrameworksBuildPhase;
			buildActionMask = 2147483647;
			files = (
			);
			runOnlyForDeploymentPostprocessing = 0;
		};
/* End PBXFrameworksBuildPhase section */

/* Begin PBXGroup section */
		32CDD196266568B0003F0A20 = {
			isa = PBXGroup;
			children = (
				32CDD1A1266568B0003F0A20 /* FirstApp */,
				32CDD1B8266568B3003F0A20 /* FirstAppTests */,
				32CDD1C3266568B3003F0A20 /* FirstAppUITests */,
				32CDD1A0266568B0003F0A20 /* Products */,
			);
			sourceTree = "<group>";
		};
		32CDD1A0266568B0003F0A20 /* Products */ = {
			isa = PBXGroup;
			children = (
				32CDD19F266568B0003F0A20 /* FirstApp.app */,
				32CDD1B5266568B3003F0A20 /* FirstAppTests.xctest */,
				32CDD1C0266568B3003F0A20 /* FirstAppUITests.xctest */,
			);
			name = Products;
			sourceTree = "<group>";
		};
		32CDD1A1266568B0003F0A20 /* FirstApp */ = {
			isa = PBXGroup;
			children = (
				32CDD1A2266568B0003F0A20 /* AppDelegate.swift */,
				32CDD1A4266568B0003F0A20 /* SceneDelegate.swift */,
				32CDD1A8266568B0003F0A20 /* Main.storyboard */,
				32CDD1AB266568B3003F0A20 /* Assets.xcassets */,
				32CDD1AD266568B3003F0A20 /* LaunchScreen.storyboard */,
				32CDD1B0266568B3003F0A20 /* Info.plist */,
				32CDD1D826657AA9003F0A20 /* HomeViewController.swift */,
			);
			path = FirstApp;
			sourceTree = "<group>";
		};
		32CDD1B8266568B3003F0A20 /* FirstAppTests */ = {
			isa = PBXGroup;
			children = (
				32CDD1B9266568B3003F0A20 /* FirstAppTests.swift */,
				32CDD1BB266568B3003F0A20 /* Info.plist */,
			);
			path = FirstAppTests;
			sourceTree = "<group>";
		};
		32CDD1C3266568B3003F0A20 /* FirstAppUITests */ = {
			isa = PBXGroup;
			children = (
				32CDD1C4266568B3003F0A20 /* FirstAppUITests.swift */,
				32CDD1C6266568B3003F0A20 /* Info.plist */,
			);
			path = FirstAppUITests;
			sourceTree = "<group>";
		};
/* End PBXGroup section */

/* Begin PBXNativeTarget section */
		32CDD19E266568B0003F0A20 /* FirstApp */ = {
			isa = PBXNativeTarget;
			buildConfigurationList = 32CDD1C9266568B3003F0A20 /* Build configuration list for PBXNativeTarget "FirstApp" */;
			buildPhases = (
				32CDD19B266568B0003F0A20 /* Sources */,
				32CDD19C266568B0003F0A20 /* Frameworks */,
				32CDD19D266568B0003F0A20 /* Resources */,
			);
			buildRules = (
			);
			dependencies = (
			);
			name = FirstApp;
			productName = FirstApp;
			productReference = 32CDD19F266568B0003F0A20 /* FirstApp.app */;
			productType = "com.apple.product-type.application";
		};
		32CDD1B4266568B3003F0A20 /* FirstAppTests */ = {
			isa = PBXNativeTarget;
			buildConfigurationList = 32CDD1CC266568B3003F0A20 /* Build configuration list for PBXNativeTarget "FirstAppTests" */;
			buildPhases = (
				32CDD1B1266568B3003F0A20 /* Sources */,
				32CDD1B2266568B3003F0A20 /* Frameworks */,
				32CDD1B3266568B3003F0A20 /* Resources */,
			);
			buildRules = (
			);
			dependencies = (
				32CDD1B7266568B3003F0A20 /* PBXTargetDependency */,
			);
			name = FirstAppTests;
			productName = FirstAppTests;
			productReference = 32CDD1B5266568B3003F0A20 /* FirstAppTests.xctest */;
			productType = "com.apple.product-type.bundle.unit-test";
		};
		32CDD1BF266568B3003F0A20 /* FirstAppUITests */ = {
			isa = PBXNativeTarget;
			buildConfigurationList = 32CDD1CF266568B3003F0A20 /* Build configuration list for PBXNativeTarget "FirstAppUITests" */;
			buildPhases = (
				32CDD1BC266568B3003F0A20 /* Sources */,
				32CDD1BD266568B3003F0A20 /* Frameworks */,
				32CDD1BE266568B3003F0A20 /* Resources */,
			);
			buildRules = (
			);
			dependencies = (
				32CDD1C2266568B3003F0A20 /* PBXTargetDependency */,
			);
			name = FirstAppUITests;
			productName = FirstAppUITests;
			productReference = 32CDD1C0266568B3003F0A20 /* FirstAppUITests.xctest */;
			productType = "com.apple.product-type.bundle.ui-testing";
		};
/* End PBXNativeTarget section */

/* Begin PBXProject section */
		32CDD197266568B0003F0A20 /* Project object */ = {
			isa = PBXProject;
			attributes = {
				LastSwiftUpdateCheck = 1230;
				LastUpgradeCheck = 1230;
				TargetAttributes = {
					32CDD19E266568B0003F0A20 = {
						CreatedOnToolsVersion = 12.3;
					};
					32CDD1B4266568B3003F0A20 = {
						CreatedOnToolsVersion = 12.3;
						TestTargetID = 32CDD19E266568B0003F0A20;
					};
					32CDD1BF266568B3003F0A20 = {
						CreatedOnToolsVersion = 12.3;
						TestTargetID = 32CDD19E266568B0003F0A20;
					};
				};
			};
			buildConfigurationList = 32CDD19A266568B0003F0A20 /* Build configuration list for PBXProject "FirstApp" */;
			compatibilityVersion = "Xcode 9.3";
			developmentRegion = en;
			hasScannedForEncodings = 0;
			knownRegions = (
				en,
				Base,
			);
			mainGroup = 32CDD196266568B0003F0A20;
			productRefGroup = 32CDD1A0266568B0003F0A20 /* Products */;
			projectDirPath = "";
			projectRoot = "";
			targets = (
				32CDD19E266568B0003F0A20 /* FirstApp */,
				32CDD1B4266568B3003F0A20 /* FirstAppTests */,
				32CDD1BF266568B3003F0A20 /* FirstAppUITests */,
			);
		};
/* End PBXProject section */

/* Begin PBXResourcesBuildPhase section */
		32CDD19D266568B0003F0A20 /* Resources */ = {
			isa = PBXResourcesBuildPhase;
			buildActionMask = 2147483647;
			files = (
				32CDD1AF266568B3003F0A20 /* LaunchScreen.storyboard in Resources */,
				32CDD1AC266568B3003F0A20 /* Assets.xcassets in Resources */,
				32CDD1AA266568B0003F0A20 /* Main.storyboard in Resources */,
			);
			runOnlyForDeploymentPostprocessing = 0;
		};
		32CDD1B3266568B3003F0A20 /* Resources */ = {
			isa = PBXResourcesBuildPhase;
			buildActionMask = 2147483647;
			files = (
			);
			runOnlyForDeploymentPostprocessing = 0;
		};
		32CDD1BE266568B3003F0A20 /* Resources */ = {
			isa = PBXResourcesBuildPhase;
			buildActionMask = 2147483647;
			files = (
			);
			runOnlyForDeploymentPostprocessing = 0;
		};
/* End PBXResourcesBuildPhase section */

/* Begin PBXSourcesBuildPhase section */
		32CDD19B266568B0003F0A20 /* Sources */ = {
			isa = PBXSourcesBuildPhase;
			buildActionMask = 2147483647;
			files = (
				32CDD1A3266568B0003F0A20 /* AppDelegate.swift in Sources */,
				32CDD1A5266568B0003F0A20 /* SceneDelegate.swift in Sources */,
				32CDD1D926657AA9003F0A20 /* HomeViewController.swift in Sources */,
			);
			runOnlyForDeploymentPostprocessing = 0;
		};
		32CDD1B1266568B3003F0A20 /* Sources */ = {
			isa = PBXSourcesBuildPhase;
			buildActionMask = 2147483647;
			files = (
				32CDD1BA266568B3003F0A20 /* FirstAppTests.swift in Sources */,
			);
			runOnlyForDeploymentPostprocessing = 0;
		};
		32CDD1BC266568B3003F0A20 /* Sources */ = {
			isa = PBXSourcesBuildPhase;
			buildActionMask = 2147483647;
			files = (
				32CDD1C5266568B3003F0A20 /* FirstAppUITests.swift in Sources */,
			);
			runOnlyForDeploymentPostprocessing = 0;
		};
/* End PBXSourcesBuildPhase section */

/* Begin PBXTargetDependency section */
		32CDD1B7266568B3003F0A20 /* PBXTargetDependency */ = {
			isa = PBXTargetDependency;
			target = 32CDD19E266568B0003F0A20 /* FirstApp */;
			targetProxy = 32CDD1B6266568B3003F0A20 /* PBXContainerItemProxy */;
		};
		32CDD1C2266568B3003F0A20 /* PBXTargetDependency */ = {
			isa = PBXTargetDependency;
			target = 32CDD19E266568B0003F0A20 /* FirstApp */;
			targetProxy = 32CDD1C1266568B3003F0A20 /* PBXContainerItemProxy */;
		};
/* End PBXTargetDependency section */

/* Begin PBXVariantGroup section */
		32CDD1A8266568B0003F0A20 /* Main.storyboard */ = {
			isa = PBXVariantGroup;
			children = (
				32CDD1A9266568B0003F0A20 /* Base */,
			);
			name = Main.storyboard;
			sourceTree = "<group>";
		};
		32CDD1AD266568B3003F0A20 /* LaunchScreen.storyboard */ = {
			isa = PBXVariantGroup;
			children = (
				32CDD1AE266568B3003F0A20 /* Base */,
			);
			name = LaunchScreen.storyboard;
			sourceTree = "<group>";
		};
/* End PBXVariantGroup section */

/* Begin XCBuildConfiguration section */
		32CDD1C7266568B3003F0A20 /* Debug */ = {
			isa = XCBuildConfiguration;
			buildSettings = {
				ALWAYS_SEARCH_USER_PATHS = NO;
				CLANG_ANALYZER_NONNULL = YES;
				CLANG_ANALYZER_NUMBER_OBJECT_CONVERSION = YES_AGGRESSIVE;
				CLANG_CXX_LANGUAGE_STANDARD = "gnu++14";
				CLANG_CXX_LIBRARY = "libc++";
				CLANG_ENABLE_MODULES = YES;
				CLANG_ENABLE_OBJC_ARC = YES;
				CLANG_ENABLE_OBJC_WEAK = YES;
				CLANG_WARN_BLOCK_CAPTURE_AUTORELEASING = YES;
				CLANG_WARN_BOOL_CONVERSION = YES;
				CLANG_WARN_COMMA = YES;
				CLANG_WARN_CONSTANT_CONVERSION = YES;
				CLANG_WARN_DEPRECATED_OBJC_IMPLEMENTATIONS = YES;
				CLANG_WARN_DIRECT_OBJC_ISA_USAGE = YES_ERROR;
				CLANG_WARN_DOCUMENTATION_COMMENTS = YES;
				CLANG_WARN_EMPTY_BODY = YES;
				CLANG_WARN_ENUM_CONVERSION = YES;
				CLANG_WARN_INFINITE_RECURSION = YES;
				CLANG_WARN_INT_CONVERSION = YES;
				CLANG_WARN_NON_LITERAL_NULL_CONVERSION = YES;
				CLANG_WARN_OBJC_IMPLICIT_RETAIN_SELF = YES;
				CLANG_WARN_OBJC_LITERAL_CONVERSION = YES;
				CLANG_WARN_OBJC_ROOT_CLASS = YES_ERROR;
				CLANG_WARN_QUOTED_INCLUDE_IN_FRAMEWORK_HEADER = YES;
				CLANG_WARN_RANGE_LOOP_ANALYSIS = YES;
				CLANG_WARN_STRICT_PROTOTYPES = YES;
				CLANG_WARN_SUSPICIOUS_MOVE = YES;
				CLANG_WARN_UNGUARDED_AVAILABILITY = YES_AGGRESSIVE;
				CLANG_WARN_UNREACHABLE_CODE = YES;
				CLANG_WARN__DUPLICATE_METHOD_MATCH = YES;
				COPY_PHASE_STRIP = NO;
				DEBUG_INFORMATION_FORMAT = dwarf;
				ENABLE_STRICT_OBJC_MSGSEND = YES;
				ENABLE_TESTABILITY = YES;
				GCC_C_LANGUAGE_STANDARD = gnu11;
				GCC_DYNAMIC_NO_PIC = NO;
				GCC_NO_COMMON_BLOCKS = YES;
				GCC_OPTIMIZATION_LEVEL = 0;
				GCC_PREPROCESSOR_DEFINITIONS = (
					"DEBUG=1",
					"$(inherited)",
				);
				GCC_WARN_64_TO_32_BIT_CONVERSION = YES;
				GCC_WARN_ABOUT_RETURN_TYPE = YES_ERROR;
				GCC_WARN_UNDECLARED_SELECTOR = YES;
				GCC_WARN_UNINITIALIZED_AUTOS = YES_AGGRESSIVE;
				GCC_WARN_UNUSED_FUNCTION = YES;
				GCC_WARN_UNUSED_VARIABLE = YES;
				IPHONEOS_DEPLOYMENT_TARGET = 14.3;
				MTL_ENABLE_DEBUG_INFO = INCLUDE_SOURCE;
				MTL_FAST_MATH = YES;
				ONLY_ACTIVE_ARCH = YES;
				SDKROOT = iphoneos;
				SWIFT_ACTIVE_COMPILATION_CONDITIONS = DEBUG;
				SWIFT_OPTIMIZATION_LEVEL = "-Onone";
			};
			name = Debug;
		};
		32CDD1C8266568B3003F0A20 /* Release */ = {
			isa = XCBuildConfiguration;
			buildSettings = {
				ALWAYS_SEARCH_USER_PATHS = NO;
				CLANG_ANALYZER_NONNULL = YES;
				CLANG_ANALYZER_NUMBER_OBJECT_CONVERSION = YES_AGGRESSIVE;
				CLANG_CXX_LANGUAGE_STANDARD = "gnu++14";
				CLANG_CXX_LIBRARY = "libc++";
				CLANG_ENABLE_MODULES = YES;
				CLANG_ENABLE_OBJC_ARC = YES;
				CLANG_ENABLE_OBJC_WEAK = YES;
				CLANG_WARN_BLOCK_CAPTURE_AUTORELEASING = YES;
				CLANG_WARN_BOOL_CONVERSION = YES;
				CLANG_WARN_COMMA = YES;
				CLANG_WARN_CONSTANT_CONVERSION = YES;
				CLANG_WARN_DEPRECATED_OBJC_IMPLEMENTATIONS = YES;
				CLANG_WARN_DIRECT_OBJC_ISA_USAGE = YES_ERROR;
				CLANG_WARN_DOCUMENTATION_COMMENTS = YES;
				CLANG_WARN_EMPTY_BODY = YES;
				CLANG_WARN_ENUM_CONVERSION = YES;
				CLANG_WARN_INFINITE_RECURSION = YES;
				CLANG_WARN_INT_CONVERSION = YES;
				CLANG_WARN_NON_LITERAL_NULL_CONVERSION = YES;
				CLANG_WARN_OBJC_IMPLICIT_RETAIN_SELF = YES;
				CLANG_WARN_OBJC_LITERAL_CONVERSION = YES;
				CLANG_WARN_OBJC_ROOT_CLASS = YES_ERROR;
				CLANG_WARN_QUOTED_INCLUDE_IN_FRAMEWORK_HEADER = YES;
				CLANG_WARN_RANGE_LOOP_ANALYSIS = YES;
				CLANG_WARN_STRICT_PROTOTYPES = YES;
				CLANG_WARN_SUSPICIOUS_MOVE = YES;
				CLANG_WARN_UNGUARDED_AVAILABILITY = YES_AGGRESSIVE;
				CLANG_WARN_UNREACHABLE_CODE = YES;
				CLANG_WARN__DUPLICATE_METHOD_MATCH = YES;
				COPY_PHASE_STRIP = NO;
				DEBUG_INFORMATION_FORMAT = "dwarf-with-dsym";
				ENABLE_NS_ASSERTIONS = NO;
				ENABLE_STRICT_OBJC_MSGSEND = YES;
				GCC_C_LANGUAGE_STANDARD = gnu11;
				GCC_NO_COMMON_BLOCKS = YES;
				GCC_WARN_64_TO_32_BIT_CONVERSION = YES;
				GCC_WARN_ABOUT_RETURN_TYPE = YES_ERROR;
				GCC_WARN_UNDECLARED_SELECTOR = YES;
				GCC_WARN_UNINITIALIZED_AUTOS = YES_AGGRESSIVE;
				GCC_WARN_UNUSED_FUNCTION = YES;
				GCC_WARN_UNUSED_VARIABLE = YES;
				IPHONEOS_DEPLOYMENT_TARGET = 14.3;
				MTL_ENABLE_DEBUG_INFO = NO;
				MTL_FAST_MATH = YES;
				SDKROOT = iphoneos;
				SWIFT_COMPILATION_MODE = wholemodule;
				SWIFT_OPTIMIZATION_LEVEL = "-O";
				VALIDATE_PRODUCT = YES;
			};
			name = Release;
		};
		32CDD1CA266568B3003F0A20 /* Debug */ = {
			isa = XCBuildConfiguration;
			buildSettings = {
				ASSETCATALOG_COMPILER_APPICON_NAME = AppIcon;
				ASSETCATALOG_COMPILER_GLOBAL_ACCENT_COLOR_NAME = AccentColor;
				CODE_SIGN_STYLE = Automatic;
				INFOPLIST_FILE = FirstApp/Info.plist;
				LD_RUNPATH_SEARCH_PATHS = (
					"$(inherited)",
					"@executable_path/Frameworks",
				);
				PRODUCT_BUNDLE_IDENTIFIER = com.gabrielantunes.FirstApp;
				PRODUCT_NAME = "$(TARGET_NAME)";
				SWIFT_VERSION = 5.0;
				TARGETED_DEVICE_FAMILY = "1,2";
			};
			name = Debug;
		};
		32CDD1CB266568B3003F0A20 /* Release */ = {
			isa = XCBuildConfiguration;
			buildSettings = {
				ASSETCATALOG_COMPILER_APPICON_NAME = AppIcon;
				ASSETCATALOG_COMPILER_GLOBAL_ACCENT_COLOR_NAME = AccentColor;
				CODE_SIGN_STYLE = Automatic;
				INFOPLIST_FILE = FirstApp/Info.plist;
				LD_RUNPATH_SEARCH_PATHS = (
					"$(inherited)",
					"@executable_path/Frameworks",
				);
				PRODUCT_BUNDLE_IDENTIFIER = com.gabrielantunes.FirstApp;
				PRODUCT_NAME = "$(TARGET_NAME)";
				SWIFT_VERSION = 5.0;
				TARGETED_DEVICE_FAMILY = "1,2";
			};
			name = Release;
		};
		32CDD1CD266568B3003F0A20 /* Debug */ = {
			isa = XCBuildConfiguration;
			buildSettings = {
				ALWAYS_EMBED_SWIFT_STANDARD_LIBRARIES = YES;
				BUNDLE_LOADER = "$(TEST_HOST)";
				CODE_SIGN_STYLE = Automatic;
				INFOPLIST_FILE = FirstAppTests/Info.plist;
				IPHONEOS_DEPLOYMENT_TARGET = 14.3;
				LD_RUNPATH_SEARCH_PATHS = (
					"$(inherited)",
					"@executable_path/Frameworks",
					"@loader_path/Frameworks",
				);
				PRODUCT_BUNDLE_IDENTIFIER = com.gabrielantunes.FirstAppTests;
				PRODUCT_NAME = "$(TARGET_NAME)";
				SWIFT_VERSION = 5.0;
				TARGETED_DEVICE_FAMILY = "1,2";
				TEST_HOST = "$(BUILT_PRODUCTS_DIR)/FirstApp.app/FirstApp";
			};
			name = Debug;
		};
		32CDD1CE266568B3003F0A20 /* Release */ = {
			isa = XCBuildConfiguration;
			buildSettings = {
				ALWAYS_EMBED_SWIFT_STANDARD_LIBRARIES = YES;
				BUNDLE_LOADER = "$(TEST_HOST)";
				CODE_SIGN_STYLE = Automatic;
				INFOPLIST_FILE = FirstAppTests/Info.plist;
				IPHONEOS_DEPLOYMENT_TARGET = 14.3;
				LD_RUNPATH_SEARCH_PATHS = (
					"$(inherited)",
					"@executable_path/Frameworks",
					"@loader_path/Frameworks",
				);
				PRODUCT_BUNDLE_IDENTIFIER = com.gabrielantunes.FirstAppTests;
				PRODUCT_NAME = "$(TARGET_NAME)";
				SWIFT_VERSION = 5.0;
				TARGETED_DEVICE_FAMILY = "1,2";
				TEST_HOST = "$(BUILT_PRODUCTS_DIR)/FirstApp.app/FirstApp";
			};
			name = Release;
		};
		32CDD1D0266568B3003F0A20 /* Debug */ = {
			isa = XCBuildConfiguration;
			buildSettings = {
				ALWAYS_EMBED_SWIFT_STANDARD_LIBRARIES = YES;
				CODE_SIGN_STYLE = Automatic;
				INFOPLIST_FILE = FirstAppUITests/Info.plist;
				LD_RUNPATH_SEARCH_PATHS = (
					"$(inherited)",
					"@executable_path/Frameworks",
					"@loader_path/Frameworks",
				);
				PRODUCT_BUNDLE_IDENTIFIER = com.gabrielantunes.FirstAppUITests;
				PRODUCT_NAME = "$(TARGET_NAME)";
				SWIFT_VERSION = 5.0;
				TARGETED_DEVICE_FAMILY = "1,2";
				TEST_TARGET_NAME = FirstApp;
			};
			name = Debug;
		};
		32CDD1D1266568B3003F0A20 /* Release */ = {
			isa = XCBuildConfiguration;
			buildSettings = {
				ALWAYS_EMBED_SWIFT_STANDARD_LIBRARIES = YES;
				CODE_SIGN_STYLE = Automatic;
				INFOPLIST_FILE = FirstAppUITests/Info.plist;
				LD_RUNPATH_SEARCH_PATHS = (
					"$(inherited)",
					"@executable_path/Frameworks",
					"@loader_path/Frameworks",
				);
				PRODUCT_BUNDLE_IDENTIFIER = com.gabrielantunes.FirstAppUITests;
				PRODUCT_NAME = "$(TARGET_NAME)";
				SWIFT_VERSION = 5.0;
				TARGETED_DEVICE_FAMILY = "1,2";
				TEST_TARGET_NAME = FirstApp;
			};
			name = Release;
		};
/* End XCBuildConfiguration section */

/* Begin XCConfigurationList section */
		32CDD19A266568B0003F0A20 /* Build configuration list for PBXProject "FirstApp" */ = {
			isa = XCConfigurationList;
			buildConfigurations = (
				32CDD1C7266568B3003F0A20 /* Debug */,
				32CDD1C8266568B3003F0A20 /* Release */,
			);
			defaultConfigurationIsVisible = 0;
			defaultConfigurationName = Release;
		};
		32CDD1C9266568B3003F0A20 /* Build configuration list for PBXNativeTarget "FirstApp" */ = {
			isa = XCConfigurationList;
			buildConfigurations = (
				32CDD1CA266568B3003F0A20 /* Debug */,
				32CDD1CB266568B3003F0A20 /* Release */,
			);
			defaultConfigurationIsVisible = 0;
			defaultConfigurationName = Release;
		};
		32CDD1CC266568B3003F0A20 /* Build configuration list for PBXNativeTarget "FirstAppTests" */ = {
			isa = XCConfigurationList;
			buildConfigurations = (
				32CDD1CD266568B3003F0A20 /* Debug */,
				32CDD1CE266568B3003F0A20 /* Release */,
			);
			defaultConfigurationIsVisible = 0;
			defaultConfigurationName = Release;
		};
		32CDD1CF266568B3003F0A20 /* Build configuration list for PBXNativeTarget "FirstAppUITests" */ = {
			isa = XCConfigurationList;
			buildConfigurations = (
				32CDD1D0266568B3003F0A20 /* Debug */,
				32CDD1D1266568B3003F0A20 /* Release */,
			);
			defaultConfigurationIsVisible = 0;
			defaultConfigurationName = Release;
		};
/* End XCConfigurationList section */
	};
	rootObject = 32CDD197266568B0003F0A20 /* Project object */;
}
